{
  "name": "foodDataGenerator",
  "lockfileVersion": 3,
  "requires": true,
  "packages": {
    "": {
      "dependencies": {
        "@zip.js/zip.js": "^2.8.23"
      }
    },
    "node_modules/@zip.js/zip.js": {
      "version": "2.8.23",
      "resolved": "https://registry.npmjs.org/@zip.js/zip.js/-/zip.js-2.8.23.tgz",
      "integrity": "sha512-RB+RLnxPJFPrGvQ9rgO+4JOcsob6lD32OcF0QE0yg24oeW9q8KnTTNlugcDaIveEcCbclobJcZP+fLQ++sH0bw==",
      "license": "BSD-3-Clause",
      "engines": {
        "bun": ">=0.7.0",
        "deno": ">=1.0.0",
        "node": ">=18.0.0"
      }
    }
  }
}
